
Microsoft Visual Studio Solution File, Format Version 12.00
# Visual Studio 14
VisualStudioVersion = 14.0.25420.1
MinimumVisualStudioVersion = 10.0.40219.1
Project("{FAE04EC0-301F-11D3-BF4B-00C04F79EFBC}") = "ObliBDNR", "ObliBDNR\ObliBDNR.csproj", "{53C56D8A-48B8-496B-ABA0-C5EFE5AD34F5}"
EndProject
Global
	GlobalSection(SolutionConfigurationPlatforms) = preSolution
		Debug|Any CPU = Debug|Any CPU
		Release|Any CPU = Release|Any CPU
	EndGlobalSection
	GlobalSection(ProjectConfigurationPlatforms) = postSolution
		{53C56D8A-48B8-496B-ABA0-C5EFE5AD34F5}.Debug|Any CPU.ActiveCfg = Debug|Any CPU
		{53C56D8A-48B8-496B-ABA0-C5EFE5AD34F5}.Debug|Any CPU.Build.0 = Debug|Any CPU
		{53C56D8A-48B8-496B-ABA0-C5EFE5AD34F5}.Release|Any CPU.ActiveCfg = Release|Any CPU
		{53C56D8A-48B8-496B-ABA0-C5EFE5AD34F5}.Release|Any CPU.Build.0 = Release|Any CPU
	EndGlobalSection
	GlobalSection(SolutionProperties) = preSolution
		HideSolutionNode = FALSE
	EndGlobalSection
	GlobalSection(ExtensibilityGlobals) = postSolution
		SolutionGuid = {434C034A-4415-43B2-86E0-4E22055FF6D6}
	EndGlobalSection
EndGlobal
